
Microsoft Visual Studio Solution File, Format Version 12.00
# Visual Studio Version 16
VisualStudioVersion = 16.0.30517.126
MinimumVisualStudioVersion = 10.0.40219.1
Project("{FAE04EC0-301F-11D3-BF4B-00C04F79EFBC}") = "DesktopApp", "DesktopApp.csproj", "{CEF46D81-9C4D-4698-8766-F5BCAA7EC1FE}"
EndProject
Global
	GlobalSection(SolutionConfigurationPlatforms) = preSolution
		Debug|Any CPU = Debug|Any CPU
		Release|Any CPU = Release|Any CPU
	EndGlobalSection
	GlobalSection(ProjectConfigurationPlatforms) = postSolution
		{CEF46D81-9C4D-4698-8766-F5BCAA7EC1FE}.Debug|Any CPU.ActiveCfg = Debug|Any CPU
		{CEF46D81-9C4D-4698-8766-F5BCAA7EC1FE}.Debug|Any CPU.Build.0 = Debug|Any CPU
		{CEF46D81-9C4D-4698-8766-F5BCAA7EC1FE}.Release|Any CPU.ActiveCfg = Release|Any CPU
		{CEF46D81-9C4D-4698-8766-F5BCAA7EC1FE}.Release|Any CPU.Build.0 = Release|Any CPU
	EndGlobalSection
	GlobalSection(SolutionProperties) = preSolution
		HideSolutionNode = FALSE
	EndGlobalSection
	GlobalSection(ExtensibilityGlobals) = postSolution
		SolutionGuid = {27B72048-E7F8-4848-9FBA-125900D9AB1A}
	EndGlobalSection
EndGlobal
